// !$*UTF8*$!
{
	archiveVersion = 1;
	classes = {
	};
	objectVersion = 55;
	objects = {

/* Begin PBXBuildFile section */
		A5F6F7A627AD7E6D0059B9C2 /* AppDelegate.swift in Sources */ = {isa = PBXBuildFile; fileRef = A5F6F7A527AD7E6D0059B9C2 /* AppDelegate.swift */; };
		A5F6F7A827AD7E6D0059B9C2 /* SceneDelegate.swift in Sources */ = {isa = PBXBuildFile; fileRef = A5F6F7A727AD7E6D0059B9C2 /* SceneDelegate.swift */; };
		A5F6F7AA27AD7E6D0059B9C2 /* ViewController.swift in Sources */ = {isa = PBXBuildFile; fileRef = A5F6F7A927AD7E6D0059B9C2 /* ViewController.swift */; };
		A5F6F7AD27AD7E6D0059B9C2 /* Main.storyboard in Resources */ = {isa = PBXBuildFile; fileRef = A5F6F7AB27AD7E6D0059B9C2 /* Main.storyboard */; };
		A5F6F7AF27AD7E730059B9C2 /* Assets.xcassets in Resources */ = {isa = PBXBuildFile; fileRef = A5F6F7AE27AD7E730059B9C2 /* Assets.xcassets */; };
		A5F6F7B227AD7E730059B9C2 /* LaunchScreen.storyboard in Resources */ = {isa = PBXBuildFile; fileRef = A5F6F7B027AD7E730059B9C2 /* LaunchScreen.storyboard */; };
		A5F6F7BD27AD7E730059B9C2 /* Concentration_gameTests.swift in Sources */ = {isa = PBXBuildFile; fileRef = A5F6F7BC27AD7E730059B9C2 /* Concentration_gameTests.swift */; };
		A5F6F7C727AD7E730059B9C2 /* Concentration_gameUITests.swift in Sources */ = {isa = PBXBuildFile; fileRef = A5F6F7C627AD7E730059B9C2 /* Concentration_gameUITests.swift */; };
		A5F6F7C927AD7E730059B9C2 /* Concentration_gameUITestsLaunchTests.swift in Sources */ = {isa = PBXBuildFile; fileRef = A5F6F7C827AD7E730059B9C2 /* Concentration_gameUITestsLaunchTests.swift */; };
/* End PBXBuildFile section */

/* Begin PBXContainerItemProxy section */
		A5F6F7B927AD7E730059B9C2 /* PBXContainerItemProxy */ = {
			isa = PBXContainerItemProxy;
			containerPortal = A5F6F79A27AD7E6D0059B9C2 /* Project object */;
			proxyType = 1;
			remoteGlobalIDString = A5F6F7A127AD7E6D0059B9C2;
			remoteInfo = Concentration_game;
		};
		A5F6F7C327AD7E730059B9C2 /* PBXContainerItemProxy */ = {
			isa = PBXContainerItemProxy;
			containerPortal = A5F6F79A27AD7E6D0059B9C2 /* Project object */;
			proxyType = 1;
			remoteGlobalIDString = A5F6F7A127AD7E6D0059B9C2;
			remoteInfo = Concentration_game;
		};
/* End PBXContainerItemProxy section */

/* Begin PBXFileReference section */
		A5F6F7A227AD7E6D0059B9C2 /* Concentration_game.app */ = {isa = PBXFileReference; explicitFileType = wrapper.application; includeInIndex = 0; path = Concentration_game.app; sourceTree = BUILT_PRODUCTS_DIR; };
		A5F6F7A527AD7E6D0059B9C2 /* AppDelegate.swift */ = {isa = PBXFileReference; lastKnownFileType = sourcecode.swift; path = AppDelegate.swift; sourceTree = "<group>"; };
		A5F6F7A727AD7E6D0059B9C2 /* SceneDelegate.swift */ = {isa = PBXFileReference; lastKnownFileType = sourcecode.swift; path = SceneDelegate.swift; sourceTree = "<group>"; };
		A5F6F7A927AD7E6D0059B9C2 /* ViewController.swift */ = {isa = PBXFileReference; lastKnownFileType = sourcecode.swift; path = ViewController.swift; sourceTree = "<group>"; };
		A5F6F7AC27AD7E6D0059B9C2 /* Base */ = {isa = PBXFileReference; lastKnownFileType = file.storyboard; name = Base; path = Base.lproj/Main.storyboard; sourceTree = "<group>"; };
		A5F6F7AE27AD7E730059B9C2 /* Assets.xcassets */ = {isa = PBXFileReference; lastKnownFileType = folder.assetcatalog; path = Assets.xcassets; sourceTree = "<group>"; };
		A5F6F7B127AD7E730059B9C2 /* Base */ = {isa = PBXFileReference; lastKnownFileType = file.storyboard; name = Base; path = Base.lproj/LaunchScreen.storyboard; sourceTree = "<group>"; };
		A5F6F7B327AD7E730059B9C2 /* Info.plist */ = {isa = PBXFileReference; lastKnownFileType = text.plist.xml; path = Info.plist; sourceTree = "<group>"; };
		A5F6F7B827AD7E730059B9C2 /* Concentration_gameTests.xctest */ = {isa = PBXFileReference; explicitFileType = wrapper.cfbundle; includeInIndex = 0; path = Concentration_gameTests.xctest; sourceTree = BUILT_PRODUCTS_DIR; };
		A5F6F7BC27AD7E730059B9C2 /* Concentration_gameTests.swift */ = {isa = PBXFileReference; lastKnownFileType = sourcecode.swift; path = Concentration_gameTests.swift; sourceTree = "<group>"; };
		A5F6F7C227AD7E730059B9C2 /* Concentration_gameUITests.xctest */ = {isa = PBXFileReference; explicitFileType = wrapper.cfbundle; includeInIndex = 0; path = Concentration_gameUITests.xctest; sourceTree = BUILT_PRODUCTS_DIR; };
		A5F6F7C627AD7E730059B9C2 /* Concentration_gameUITests.swift */ = {isa = PBXFileReference; lastKnownFileType = sourcecode.swift; path = Concentration_gameUITests.swift; sourceTree = "<group>"; };
		A5F6F7C827AD7E730059B9C2 /* Concentration_gameUITestsLaunchTests.swift */ = {isa = PBXFileReference; lastKnownFileType = sourcecode.swift; path = Concentration_gameUITestsLaunchTests.swift; sourceTree = "<group>"; };
/* End PBXFileReference section */

/* Begin PBXFrameworksBuildPhase section */
		A5F6F79F27AD7E6D0059B9C2 /* Frameworks */ = {
			isa = PBXFrameworksBuildPhase;
			buildActionMask = 2147483647;
			files = (
			);
			runOnlyForDeploymentPostprocessing = 0;
		};
		A5F6F7B527AD7E730059B9C2 /* Frameworks */ = {
			isa = PBXFrameworksBuildPhase;
			buildActionMask = 2147483647;
			files = (
			);
			runOnlyForDeploymentPostprocessing = 0;
		};
		A5F6F7BF27AD7E730059B9C2 /* Frameworks */ = {
			isa = PBXFrameworksBuildPhase;
			buildActionMask = 2147483647;
			files = (
			);
			runOnlyForDeploymentPostprocessing = 0;
		};
/* End PBXFrameworksBuildPhase section */

/* Begin PBXGroup section */
		A5F6F79927AD7E6D0059B9C2 = {
			isa = PBXGroup;
			children = (
				A5F6F7A427AD7E6D0059B9C2 /* Concentration_game */,
				A5F6F7BB27AD7E730059B9C2 /* Concentration_gameTests */,
				A5F6F7C527AD7E730059B9C2 /* Concentration_gameUITests */,
				A5F6F7A327AD7E6D0059B9C2 /* Products */,
			);
			sourceTree = "<group>";
		};
		A5F6F7A327AD7E6D0059B9C2 /* Products */ = {
			isa = PBXGroup;
			children = (
				A5F6F7A227AD7E6D0059B9C2 /* Concentration_game.app */,
				A5F6F7B827AD7E730059B9C2 /* Concentration_gameTests.xctest */,
				A5F6F7C227AD7E730059B9C2 /* Concentration_gameUITests.xctest */,
			);
			name = Products;
			sourceTree = "<group>";
		};
		A5F6F7A427AD7E6D0059B9C2 /* Concentration_game */ = {
			isa = PBXGroup;
			children = (
				A5F6F7A527AD7E6D0059B9C2 /* AppDelegate.swift */,
				A5F6F7A727AD7E6D0059B9C2 /* SceneDelegate.swift */,
				A5F6F7A927AD7E6D0059B9C2 /* ViewController.swift */,
				A5F6F7AB27AD7E6D0059B9C2 /* Main.storyboard */,
				A5F6F7AE27AD7E730059B9C2 /* Assets.xcassets */,
				A5F6F7B027AD7E730059B9C2 /* LaunchScreen.storyboard */,
				A5F6F7B327AD7E730059B9C2 /* Info.plist */,
			);
			path = Concentration_game;
			sourceTree = "<group>";
		};
		A5F6F7BB27AD7E730059B9C2 /* Concentration_gameTests */ = {
			isa = PBXGroup;
			children = (
				A5F6F7BC27AD7E730059B9C2 /* Concentration_gameTests.swift */,
			);
			path = Concentration_gameTests;
			sourceTree = "<group>";
		};
		A5F6F7C527AD7E730059B9C2 /* Concentration_gameUITests */ = {
			isa = PBXGroup;
			children = (
				A5F6F7C627AD7E730059B9C2 /* Concentration_gameUITests.swift */,
				A5F6F7C827AD7E730059B9C2 /* Concentration_gameUITestsLaunchTests.swift */,
			);
			path = Concentration_gameUITests;
			sourceTree = "<group>";
		};
/* End PBXGroup section */

/* Begin PBXNativeTarget section */
		A5F6F7A127AD7E6D0059B9C2 /* Concentration_game */ = {
			isa = PBXNativeTarget;
			buildConfigurationList = A5F6F7CC27AD7E730059B9C2 /* Build configuration list for PBXNativeTarget "Concentration_game" */;
			buildPhases = (
				A5F6F79E27AD7E6D0059B9C2 /* Sources */,
				A5F6F79F27AD7E6D0059B9C2 /* Frameworks */,
				A5F6F7A027AD7E6D0059B9C2 /* Resources */,
			);
			buildRules = (
			);
			dependencies = (
			);
			name = Concentration_game;
			productName = Concentration_game;
			productReference = A5F6F7A227AD7E6D0059B9C2 /* Concentration_game.app */;
			productType = "com.apple.product-type.application";
		};
		A5F6F7B727AD7E730059B9C2 /* Concentration_gameTests */ = {
			isa = PBXNativeTarget;
			buildConfigurationList = A5F6F7CF27AD7E730059B9C2 /* Build configuration list for PBXNativeTarget "Concentration_gameTests" */;
			buildPhases = (
				A5F6F7B427AD7E730059B9C2 /* Sources */,
				A5F6F7B527AD7E730059B9C2 /* Frameworks */,
				A5F6F7B627AD7E730059B9C2 /* Resources */,
			);
			buildRules = (
			);
			dependencies = (
				A5F6F7BA27AD7E730059B9C2 /* PBXTargetDependency */,
			);
			name = Concentration_gameTests;
			productName = Concentration_gameTests;
			productReference = A5F6F7B827AD7E730059B9C2 /* Concentration_gameTests.xctest */;
			productType = "com.apple.product-type.bundle.unit-test";
		};
		A5F6F7C127AD7E730059B9C2 /* Concentration_gameUITests */ = {
			isa = PBXNativeTarget;
			buildConfigurationList = A5F6F7D227AD7E730059B9C2 /* Build configuration list for PBXNativeTarget "Concentration_gameUITests" */;
			buildPhases = (
				A5F6F7BE27AD7E730059B9C2 /* Sources */,
				A5F6F7BF27AD7E730059B9C2 /* Frameworks */,
				A5F6F7C027AD7E730059B9C2 /* Resources */,
			);
			buildRules = (
			);
			dependencies = (
				A5F6F7C427AD7E730059B9C2 /* PBXTargetDependency */,
			);
			name = Concentration_gameUITests;
			productName = Concentration_gameUITests;
			productReference = A5F6F7C227AD7E730059B9C2 /* Concentration_gameUITests.xctest */;
			productType = "com.apple.product-type.bundle.ui-testing";
		};
/* End PBXNativeTarget section */

/* Begin PBXProject section */
		A5F6F79A27AD7E6D0059B9C2 /* Project object */ = {
			isa = PBXProject;
			attributes = {
				BuildIndependentTargetsInParallel = 1;
				LastSwiftUpdateCheck = 1320;
				LastUpgradeCheck = 1320;
				TargetAttributes = {
					A5F6F7A127AD7E6D0059B9C2 = {
						CreatedOnToolsVersion = 13.2.1;
					};
					A5F6F7B727AD7E730059B9C2 = {
						CreatedOnToolsVersion = 13.2.1;
						TestTargetID = A5F6F7A127AD7E6D0059B9C2;
					};
					A5F6F7C127AD7E730059B9C2 = {
						CreatedOnToolsVersion = 13.2.1;
						TestTargetID = A5F6F7A127AD7E6D0059B9C2;
					};
				};
			};
			buildConfigurationList = A5F6F79D27AD7E6D0059B9C2 /* Build configuration list for PBXProject "Concentration_game" */;
			compatibilityVersion = "Xcode 13.0";
			developmentRegion = en;
			hasScannedForEncodings = 0;
			knownRegions = (
				en,
				Base,
			);
			mainGroup = A5F6F79927AD7E6D0059B9C2;
			productRefGroup = A5F6F7A327AD7E6D0059B9C2 /* Products */;
			projectDirPath = "";
			projectRoot = "";
			targets = (
				A5F6F7A127AD7E6D0059B9C2 /* Concentration_game */,
				A5F6F7B727AD7E730059B9C2 /* Concentration_gameTests */,
				A5F6F7C127AD7E730059B9C2 /* Concentration_gameUITests */,
			);
		};
/* End PBXProject section */

/* Begin PBXResourcesBuildPhase section */
		A5F6F7A027AD7E6D0059B9C2 /* Resources */ = {
			isa = PBXResourcesBuildPhase;
			buildActionMask = 2147483647;
			files = (
				A5F6F7B227AD7E730059B9C2 /* LaunchScreen.storyboard in Resources */,
				A5F6F7AF27AD7E730059B9C2 /* Assets.xcassets in Resources */,
				A5F6F7AD27AD7E6D0059B9C2 /* Main.storyboard in Resources */,
			);
			runOnlyForDeploymentPostprocessing = 0;
		};
		A5F6F7B627AD7E730059B9C2 /* Resources */ = {
			isa = PBXResourcesBuildPhase;
			buildActionMask = 2147483647;
			files = (
			);
			runOnlyForDeploymentPostprocessing = 0;
		};
		A5F6F7C027AD7E730059B9C2 /* Resources */ = {
			isa = PBXResourcesBuildPhase;
			buildActionMask = 2147483647;
			files = (
			);
			runOnlyForDeploymentPostprocessing = 0;
		};
/* End PBXResourcesBuildPhase section */

/* Begin PBXSourcesBuildPhase section */
		A5F6F79E27AD7E6D0059B9C2 /* Sources */ = {
			isa = PBXSourcesBuildPhase;
			buildActionMask = 2147483647;
			files = (
				A5F6F7AA27AD7E6D0059B9C2 /* ViewController.swift in Sources */,
				A5F6F7A627AD7E6D0059B9C2 /* AppDelegate.swift in Sources */,
				A5F6F7A827AD7E6D0059B9C2 /* SceneDelegate.swift in Sources */,
			);
			runOnlyForDeploymentPostprocessing = 0;
		};
		A5F6F7B427AD7E730059B9C2 /* Sources */ = {
			isa = PBXSourcesBuildPhase;
			buildActionMask = 2147483647;
			files = (
				A5F6F7BD27AD7E730059B9C2 /* Concentration_gameTests.swift in Sources */,
			);
			runOnlyForDeploymentPostprocessing = 0;
		};
		A5F6F7BE27AD7E730059B9C2 /* Sources */ = {
			isa = PBXSourcesBuildPhase;
			buildActionMask = 2147483647;
			files = (
				A5F6F7C927AD7E730059B9C2 /* Concentration_gameUITestsLaunchTests.swift in Sources */,
				A5F6F7C727AD7E730059B9C2 /* Concentration_gameUITests.swift in Sources */,
			);
			runOnlyForDeploymentPostprocessing = 0;
		};
/* End PBXSourcesBuildPhase section */

/* Begin PBXTargetDependency section */
		A5F6F7BA27AD7E730059B9C2 /* PBXTargetDependency */ = {
			isa = PBXTargetDependency;
			target = A5F6F7A127AD7E6D0059B9C2 /* Concentration_game */;
			targetProxy = A5F6F7B927AD7E730059B9C2 /* PBXContainerItemProxy */;
		};
		A5F6F7C427AD7E730059B9C2 /* PBXTargetDependency */ = {
			isa = PBXTargetDependency;
			target = A5F6F7A127AD7E6D0059B9C2 /* Concentration_game */;
			targetProxy = A5F6F7C327AD7E730059B9C2 /* PBXContainerItemProxy */;
		};
/* End PBXTargetDependency section */

/* Begin PBXVariantGroup section */
		A5F6F7AB27AD7E6D0059B9C2 /* Main.storyboard */ = {
			isa = PBXVariantGroup;
			children = (
				A5F6F7AC27AD7E6D0059B9C2 /* Base */,
			);
			name = Main.storyboard;
			sourceTree = "<group>";
		};
		A5F6F7B027AD7E730059B9C2 /* LaunchScreen.storyboard */ = {
			isa = PBXVariantGroup;
			children = (
				A5F6F7B127AD7E730059B9C2 /* Base */,
			);
			name = LaunchScreen.storyboard;
			sourceTree = "<group>";
		};
/* End PBXVariantGroup section */

/* Begin XCBuildConfiguration section */
		A5F6F7CA27AD7E730059B9C2 /* Debug */ = {
			isa = XCBuildConfiguration;
			buildSettings = {
				ALWAYS_SEARCH_USER_PATHS = NO;
				CLANG_ANALYZER_NONNULL = YES;
				CLANG_ANALYZER_NUMBER_OBJECT_CONVERSION = YES_AGGRESSIVE;
				CLANG_CXX_LANGUAGE_STANDARD = "gnu++17";
				CLANG_CXX_LIBRARY = "libc++";
				CLANG_ENABLE_MODULES = YES;
				CLANG_ENABLE_OBJC_ARC = YES;
				CLANG_ENABLE_OBJC_WEAK = YES;
				CLANG_WARN_BLOCK_CAPTURE_AUTORELEASING = YES;
				CLANG_WARN_BOOL_CONVERSION = YES;
				CLANG_WARN_COMMA = YES;
				CLANG_WARN_CONSTANT_CONVERSION = YES;
				CLANG_WARN_DEPRECATED_OBJC_IMPLEMENTATIONS = YES;
				CLANG_WARN_DIRECT_OBJC_ISA_USAGE = YES_ERROR;
				CLANG_WARN_DOCUMENTATION_COMMENTS = YES;
				CLANG_WARN_EMPTY_BODY = YES;
				CLANG_WARN_ENUM_CONVERSION = YES;
				CLANG_WARN_INFINITE_RECURSION = YES;
				CLANG_WARN_INT_CONVERSION = YES;
				CLANG_WARN_NON_LITERAL_NULL_CONVERSION = YES;
				CLANG_WARN_OBJC_IMPLICIT_RETAIN_SELF = YES;
				CLANG_WARN_OBJC_LITERAL_CONVERSION = YES;
				CLANG_WARN_OBJC_ROOT_CLASS = YES_ERROR;
				CLANG_WARN_QUOTED_INCLUDE_IN_FRAMEWORK_HEADER = YES;
				CLANG_WARN_RANGE_LOOP_ANALYSIS = YES;
				CLANG_WARN_STRICT_PROTOTYPES = YES;
				CLANG_WARN_SUSPICIOUS_MOVE = YES;
				CLANG_WARN_UNGUARDED_AVAILABILITY = YES_AGGRESSIVE;
				CLANG_WARN_UNREACHABLE_CODE = YES;
				CLANG_WARN__DUPLICATE_METHOD_MATCH = YES;
				COPY_PHASE_STRIP = NO;
				DEBUG_INFORMATION_FORMAT = dwarf;
				ENABLE_STRICT_OBJC_MSGSEND = YES;
				ENABLE_TESTABILITY = YES;
				GCC_C_LANGUAGE_STANDARD = gnu11;
				GCC_DYNAMIC_NO_PIC = NO;
				GCC_NO_COMMON_BLOCKS = YES;
				GCC_OPTIMIZATION_LEVEL = 0;
				GCC_PREPROCESSOR_DEFINITIONS = (
					"DEBUG=1",
					"$(inherited)",
				);
				GCC_WARN_64_TO_32_BIT_CONVERSION = YES;
				GCC_WARN_ABOUT_RETURN_TYPE = YES_ERROR;
				GCC_WARN_UNDECLARED_SELECTOR = YES;
				GCC_WARN_UNINITIALIZED_AUTOS = YES_AGGRESSIVE;
				GCC_WARN_UNUSED_FUNCTION = YES;
				GCC_WARN_UNUSED_VARIABLE = YES;
				IPHONEOS_DEPLOYMENT_TARGET = 15.2;
				MTL_ENABLE_DEBUG_INFO = INCLUDE_SOURCE;
				MTL_FAST_MATH = YES;
				ONLY_ACTIVE_ARCH = YES;
				SDKROOT = iphoneos;
				SWIFT_ACTIVE_COMPILATION_CONDITIONS = DEBUG;
				SWIFT_OPTIMIZATION_LEVEL = "-Onone";
			};
			name = Debug;
		};
		A5F6F7CB27AD7E730059B9C2 /* Release */ = {
			isa = XCBuildConfiguration;
			buildSettings = {
				ALWAYS_SEARCH_USER_PATHS = NO;
				CLANG_ANALYZER_NONNULL = YES;
				CLANG_ANALYZER_NUMBER_OBJECT_CONVERSION = YES_AGGRESSIVE;
				CLANG_CXX_LANGUAGE_STANDARD = "gnu++17";
				CLANG_CXX_LIBRARY = "libc++";
				CLANG_ENABLE_MODULES = YES;
				CLANG_ENABLE_OBJC_ARC = YES;
				CLANG_ENABLE_OBJC_WEAK = YES;
				CLANG_WARN_BLOCK_CAPTURE_AUTORELEASING = YES;
				CLANG_WARN_BOOL_CONVERSION = YES;
				CLANG_WARN_COMMA = YES;
				CLANG_WARN_CONSTANT_CONVERSION = YES;
				CLANG_WARN_DEPRECATED_OBJC_IMPLEMENTATIONS = YES;
				CLANG_WARN_DIRECT_OBJC_ISA_USAGE = YES_ERROR;
				CLANG_WARN_DOCUMENTATION_COMMENTS = YES;
				CLANG_WARN_EMPTY_BODY = YES;
				CLANG_WARN_ENUM_CONVERSION = YES;
				CLANG_WARN_INFINITE_RECURSION = YES;
				CLANG_WARN_INT_CONVERSION = YES;
				CLANG_WARN_NON_LITERAL_NULL_CONVERSION = YES;
				CLANG_WARN_OBJC_IMPLICIT_RETAIN_SELF = YES;
				CLANG_WARN_OBJC_LITERAL_CONVERSION = YES;
				CLANG_WARN_OBJC_ROOT_CLASS = YES_ERROR;
				CLANG_WARN_QUOTED_INCLUDE_IN_FRAMEWORK_HEADER = YES;
				CLANG_WARN_RANGE_LOOP_ANALYSIS = YES;
				CLANG_WARN_STRICT_PROTOTYPES = YES;
				CLANG_WARN_SUSPICIOUS_MOVE = YES;
				CLANG_WARN_UNGUARDED_AVAILABILITY = YES_AGGRESSIVE;
				CLANG_WARN_UNREACHABLE_CODE = YES;
				CLANG_WARN__DUPLICATE_METHOD_MATCH = YES;
				COPY_PHASE_STRIP = NO;
				DEBUG_INFORMATION_FORMAT = "dwarf-with-dsym";
				ENABLE_NS_ASSERTIONS = NO;
				ENABLE_STRICT_OBJC_MSGSEND = YES;
				GCC_C_LANGUAGE_STANDARD = gnu11;
				GCC_NO_COMMON_BLOCKS = YES;
				GCC_WARN_64_TO_32_BIT_CONVERSION = YES;
				GCC_WARN_ABOUT_RETURN_TYPE = YES_ERROR;
				GCC_WARN_UNDECLARED_SELECTOR = YES;
				GCC_WARN_UNINITIALIZED_AUTOS = YES_AGGRESSIVE;
				GCC_WARN_UNUSED_FUNCTION = YES;
				GCC_WARN_UNUSED_VARIABLE = YES;
				IPHONEOS_DEPLOYMENT_TARGET = 15.2;
				MTL_ENABLE_DEBUG_INFO = NO;
				MTL_FAST_MATH = YES;
				SDKROOT = iphoneos;
				SWIFT_COMPILATION_MODE = wholemodule;
				SWIFT_OPTIMIZATION_LEVEL = "-O";
				VALIDATE_PRODUCT = YES;
			};
			name = Release;
		};
		A5F6F7CD27AD7E730059B9C2 /* Debug */ = {
			isa = XCBuildConfiguration;
			buildSettings = {
				ASSETCATALOG_COMPILER_APPICON_NAME = AppIcon;
				ASSETCATALOG_COMPILER_GLOBAL_ACCENT_COLOR_NAME = AccentColor;
				CODE_SIGN_STYLE = Automatic;
				CURRENT_PROJECT_VERSION = 1;
				DEVELOPMENT_TEAM = H8H54D2ZMF;
				GENERATE_INFOPLIST_FILE = YES;
				INFOPLIST_FILE = Concentration_game/Info.plist;
				INFOPLIST_KEY_UIApplicationSupportsIndirectInputEvents = YES;
				INFOPLIST_KEY_UILaunchStoryboardName = LaunchScreen;
				INFOPLIST_KEY_UIMainStoryboardFile = Main;
				INFOPLIST_KEY_UISupportedInterfaceOrientations_iPad = "UIInterfaceOrientationPortrait UIInterfaceOrientationPortraitUpsideDown UIInterfaceOrientationLandscapeLeft UIInterfaceOrientationLandscapeRight";
				INFOPLIST_KEY_UISupportedInterfaceOrientations_iPhone = "UIInterfaceOrientationPortrait UIInterfaceOrientationLandscapeLeft UIInterfaceOrientationLandscapeRight";
				LD_RUNPATH_SEARCH_PATHS = (
					"$(inherited)",
					"@executable_path/Frameworks",
				);
				MARKETING_VERSION = 1.0;
				PRODUCT_BUNDLE_IDENTIFIER = "Sergey-Karavaev.Concentration-game";
				PRODUCT_NAME = "$(TARGET_NAME)";
				SWIFT_EMIT_LOC_STRINGS = YES;
				SWIFT_VERSION = 5.0;
				TARGETED_DEVICE_FAMILY = "1,2";
			};
			name = Debug;
		};
		A5F6F7CE27AD7E730059B9C2 /* Release */ = {
			isa = XCBuildConfiguration;
			buildSettings = {
				ASSETCATALOG_COMPILER_APPICON_NAME = AppIcon;
				ASSETCATALOG_COMPILER_GLOBAL_ACCENT_COLOR_NAME = AccentColor;
				CODE_SIGN_STYLE = Automatic;
				CURRENT_PROJECT_VERSION = 1;
				DEVELOPMENT_TEAM = H8H54D2ZMF;
				GENERATE_INFOPLIST_FILE = YES;
				INFOPLIST_FILE = Concentration_game/Info.plist;
				INFOPLIST_KEY_UIApplicationSupportsIndirectInputEvents = YES;
				INFOPLIST_KEY_UILaunchStoryboardName = LaunchScreen;
				INFOPLIST_KEY_UIMainStoryboardFile = Main;
				INFOPLIST_KEY_UISupportedInterfaceOrientations_iPad = "UIInterfaceOrientationPortrait UIInterfaceOrientationPortraitUpsideDown UIInterfaceOrientationLandscapeLeft UIInterfaceOrientationLandscapeRight";
				INFOPLIST_KEY_UISupportedInterfaceOrientations_iPhone = "UIInterfaceOrientationPortrait UIInterfaceOrientationLandscapeLeft UIInterfaceOrientationLandscapeRight";
				LD_RUNPATH_SEARCH_PATHS = (
					"$(inherited)",
					"@executable_path/Frameworks",
				);
				MARKETING_VERSION = 1.0;
				PRODUCT_BUNDLE_IDENTIFIER = "Sergey-Karavaev.Concentration-game";
				PRODUCT_NAME = "$(TARGET_NAME)";
				SWIFT_EMIT_LOC_STRINGS = YES;
				SWIFT_VERSION = 5.0;
				TARGETED_DEVICE_FAMILY = "1,2";
			};
			name = Release;
		};
		A5F6F7D027AD7E730059B9C2 /* Debug */ = {
			isa = XCBuildConfiguration;
			buildSettings = {
				ALWAYS_EMBED_SWIFT_STANDARD_LIBRARIES = YES;
				BUNDLE_LOADER = "$(TEST_HOST)";
				CODE_SIGN_STYLE = Automatic;
				CURRENT_PROJECT_VERSION = 1;
				DEVELOPMENT_TEAM = H8H54D2ZMF;
				GENERATE_INFOPLIST_FILE = YES;
				IPHONEOS_DEPLOYMENT_TARGET = 15.2;
				MARKETING_VERSION = 1.0;
				PRODUCT_BUNDLE_IDENTIFIER = "Sergey-Karavaev.Concentration-gameTests";
				PRODUCT_NAME = "$(TARGET_NAME)";
				SWIFT_EMIT_LOC_STRINGS = NO;
				SWIFT_VERSION = 5.0;
				TARGETED_DEVICE_FAMILY = "1,2";
				TEST_HOST = "$(BUILT_PRODUCTS_DIR)/Concentration_game.app/Concentration_game";
			};
			name = Debug;
		};
		A5F6F7D127AD7E730059B9C2 /* Release */ = {
			isa = XCBuildConfiguration;
			buildSettings = {
				ALWAYS_EMBED_SWIFT_STANDARD_LIBRARIES = YES;
				BUNDLE_LOADER = "$(TEST_HOST)";
				CODE_SIGN_STYLE = Automatic;
				CURRENT_PROJECT_VERSION = 1;
				DEVELOPMENT_TEAM = H8H54D2ZMF;
				GENERATE_INFOPLIST_FILE = YES;
				IPHONEOS_DEPLOYMENT_TARGET = 15.2;
				MARKETING_VERSION = 1.0;
				PRODUCT_BUNDLE_IDENTIFIER = "Sergey-Karavaev.Concentration-gameTests";
				PRODUCT_NAME = "$(TARGET_NAME)";
				SWIFT_EMIT_LOC_STRINGS = NO;
				SWIFT_VERSION = 5.0;
				TARGETED_DEVICE_FAMILY = "1,2";
				TEST_HOST = "$(BUILT_PRODUCTS_DIR)/Concentration_game.app/Concentration_game";
			};
			name = Release;
		};
		A5F6F7D327AD7E730059B9C2 /* Debug */ = {
			isa = XCBuildConfiguration;
			buildSettings = {
				ALWAYS_EMBED_SWIFT_STANDARD_LIBRARIES = YES;
				CODE_SIGN_STYLE = Automatic;
				CURRENT_PROJECT_VERSION = 1;
				DEVELOPMENT_TEAM = H8H54D2ZMF;
				GENERATE_INFOPLIST_FILE = YES;
				MARKETING_VERSION = 1.0;
				PRODUCT_BUNDLE_IDENTIFIER = "Sergey-Karavaev.Concentration-gameUITests";
				PRODUCT_NAME = "$(TARGET_NAME)";
				SWIFT_EMIT_LOC_STRINGS = NO;
				SWIFT_VERSION = 5.0;
				TARGETED_DEVICE_FAMILY = "1,2";
				TEST_TARGET_NAME = Concentration_game;
			};
			name = Debug;
		};
		A5F6F7D427AD7E730059B9C2 /* Release */ = {
			isa = XCBuildConfiguration;
			buildSettings = {
				ALWAYS_EMBED_SWIFT_STANDARD_LIBRARIES = YES;
				CODE_SIGN_STYLE = Automatic;
				CURRENT_PROJECT_VERSION = 1;
				DEVELOPMENT_TEAM = H8H54D2ZMF;
				GENERATE_INFOPLIST_FILE = YES;
				MARKETING_VERSION = 1.0;
				PRODUCT_BUNDLE_IDENTIFIER = "Sergey-Karavaev.Concentration-gameUITests";
				PRODUCT_NAME = "$(TARGET_NAME)";
				SWIFT_EMIT_LOC_STRINGS = NO;
				SWIFT_VERSION = 5.0;
				TARGETED_DEVICE_FAMILY = "1,2";
				TEST_TARGET_NAME = Concentration_game;
			};
			name = Release;
		};
/* End XCBuildConfiguration section */

/* Begin XCConfigurationList section */
		A5F6F79D27AD7E6D0059B9C2 /* Build configuration list for PBXProject "Concentration_game" */ = {
			isa = XCConfigurationList;
			buildConfigurations = (
				A5F6F7CA27AD7E730059B9C2 /* Debug */,
				A5F6F7CB27AD7E730059B9C2 /* Release */,
			);
			defaultConfigurationIsVisible = 0;
			defaultConfigurationName = Release;
		};
		A5F6F7CC27AD7E730059B9C2 /* Build configuration list for PBXNativeTarget "Concentration_game" */ = {
			isa = XCConfigurationList;
			buildConfigurations = (
				A5F6F7CD27AD7E730059B9C2 /* Debug */,
				A5F6F7CE27AD7E730059B9C2 /* Release */,
			);
			defaultConfigurationIsVisible = 0;
			defaultConfigurationName = Release;
		};
		A5F6F7CF27AD7E730059B9C2 /* Build configuration list for PBXNativeTarget "Concentration_gameTests" */ = {
			isa = XCConfigurationList;
			buildConfigurations = (
				A5F6F7D027AD7E730059B9C2 /* Debug */,
				A5F6F7D127AD7E730059B9C2 /* Release */,
			);
			defaultConfigurationIsVisible = 0;
			defaultConfigurationName = Release;
		};
		A5F6F7D227AD7E730059B9C2 /* Build configuration list for PBXNativeTarget "Concentration_gameUITests" */ = {
			isa = XCConfigurationList;
			buildConfigurations = (
				A5F6F7D327AD7E730059B9C2 /* Debug */,
				A5F6F7D427AD7E730059B9C2 /* Release */,
			);
			defaultConfigurationIsVisible = 0;
			defaultConfigurationName = Release;
		};
/* End XCConfigurationList section */
	};
	rootObject = A5F6F79A27AD7E6D0059B9C2 /* Project object */;
}
