// !$*UTF8*$!
{
	archiveVersion = 1;
	classes = {
	};
	objectVersion = 55;
	objects = {

/* Begin PBXBuildFile section */
		E97893762438B21D00AF796A /* Concentration.swift in Sources */ = {isa = PBXBuildFile; fileRef = E97893752438B21D00AF796A /* Concentration.swift */; };
		E97893782438B33100AF796A /* Card.swift in Sources */ = {isa = PBXBuildFile; fileRef = E97893772438B33100AF796A /* Card.swift */; };
		E981C82E244DDE3E00C7C286 /* ConcentrationThemeChooserViewController.swift in Sources */ = {isa = PBXBuildFile; fileRef = E981C82D244DDE3E00C7C286 /* ConcentrationThemeChooserViewController.swift */; };
		E98943272437B78A0015C957 /* AppDelegate.swift in Sources */ = {isa = PBXBuildFile; fileRef = E98943262437B78A0015C957 /* AppDelegate.swift */; };
		E98943292437B78A0015C957 /* SceneDelegate.swift in Sources */ = {isa = PBXBuildFile; fileRef = E98943282437B78A0015C957 /* SceneDelegate.swift */; };
		E989432B2437B78A0015C957 /* ConcentrationViewController.swift in Sources */ = {isa = PBXBuildFile; fileRef = E989432A2437B78A0015C957 /* ConcentrationViewController.swift */; };
		E989432E2437B78A0015C957 /* Main.storyboard in Resources */ = {isa = PBXBuildFile; fileRef = E989432C2437B78A0015C957 /* Main.storyboard */; };
		E98943302437B78A0015C957 /* Assets.xcassets in Resources */ = {isa = PBXBuildFile; fileRef = E989432F2437B78A0015C957 /* Assets.xcassets */; };
		E98943332437B78A0015C957 /* LaunchScreen.storyboard in Resources */ = {isa = PBXBuildFile; fileRef = E98943312437B78A0015C957 /* LaunchScreen.storyboard */; };
/* End PBXBuildFile section */

/* Begin PBXFileReference section */
		E97893752438B21D00AF796A /* Concentration.swift */ = {isa = PBXFileReference; lastKnownFileType = sourcecode.swift; path = Concentration.swift; sourceTree = SOURCE_ROOT; };
		E97893772438B33100AF796A /* Card.swift */ = {isa = PBXFileReference; lastKnownFileType = sourcecode.swift; path = Card.swift; sourceTree = "<group>"; };
		E981C82D244DDE3E00C7C286 /* ConcentrationThemeChooserViewController.swift */ = {isa = PBXFileReference; lastKnownFileType = sourcecode.swift; path = ConcentrationThemeChooserViewController.swift; sourceTree = "<group>"; };
		E98943232437B78A0015C957 /* Cntr game.app */ = {isa = PBXFileReference; explicitFileType = wrapper.application; includeInIndex = 0; path = "Cntr game.app"; sourceTree = BUILT_PRODUCTS_DIR; };
		E98943262437B78A0015C957 /* AppDelegate.swift */ = {isa = PBXFileReference; lastKnownFileType = sourcecode.swift; path = AppDelegate.swift; sourceTree = "<group>"; };
		E98943282437B78A0015C957 /* SceneDelegate.swift */ = {isa = PBXFileReference; lastKnownFileType = sourcecode.swift; path = SceneDelegate.swift; sourceTree = "<group>"; };
		E989432A2437B78A0015C957 /* ConcentrationViewController.swift */ = {isa = PBXFileReference; lastKnownFileType = sourcecode.swift; path = ConcentrationViewController.swift; sourceTree = "<group>"; };
		E989432D2437B78A0015C957 /* Base */ = {isa = PBXFileReference; lastKnownFileType = file.storyboard; name = Base; path = Base.lproj/Main.storyboard; sourceTree = "<group>"; };
		E989432F2437B78A0015C957 /* Assets.xcassets */ = {isa = PBXFileReference; lastKnownFileType = folder.assetcatalog; path = Assets.xcassets; sourceTree = "<group>"; };
		E98943322437B78A0015C957 /* Base */ = {isa = PBXFileReference; lastKnownFileType = file.storyboard; name = Base; path = Base.lproj/LaunchScreen.storyboard; sourceTree = "<group>"; };
		E98943342437B78A0015C957 /* Info.plist */ = {isa = PBXFileReference; lastKnownFileType = text.plist.xml; path = Info.plist; sourceTree = "<group>"; };
/* End PBXFileReference section */

/* Begin PBXFrameworksBuildPhase section */
		E98943202437B78A0015C957 /* Frameworks */ = {
			isa = PBXFrameworksBuildPhase;
			buildActionMask = 2147483647;
			files = (
			);
			runOnlyForDeploymentPostprocessing = 0;
		};
/* End PBXFrameworksBuildPhase section */

/* Begin PBXGroup section */
		E989431A2437B78A0015C957 = {
			isa = PBXGroup;
			children = (
				E98943252437B78A0015C957 /* Cntr game */,
				E98943242437B78A0015C957 /* Products */,
			);
			sourceTree = "<group>";
		};
		E98943242437B78A0015C957 /* Products */ = {
			isa = PBXGroup;
			children = (
				E98943232437B78A0015C957 /* Cntr game.app */,
			);
			name = Products;
			sourceTree = "<group>";
		};
		E98943252437B78A0015C957 /* Cntr game */ = {
			isa = PBXGroup;
			children = (
				E97893752438B21D00AF796A /* Concentration.swift */,
				E97893772438B33100AF796A /* Card.swift */,
				E98943262437B78A0015C957 /* AppDelegate.swift */,
				E98943282437B78A0015C957 /* SceneDelegate.swift */,
				E989432A2437B78A0015C957 /* ConcentrationViewController.swift */,
				E981C82D244DDE3E00C7C286 /* ConcentrationThemeChooserViewController.swift */,
				E989432C2437B78A0015C957 /* Main.storyboard */,
				E989432F2437B78A0015C957 /* Assets.xcassets */,
				E98943312437B78A0015C957 /* LaunchScreen.storyboard */,
				E98943342437B78A0015C957 /* Info.plist */,
			);
			path = "Cntr game";
			sourceTree = "<group>";
		};
/* End PBXGroup section */

/* Begin PBXNativeTarget section */
		E98943222437B78A0015C957 /* Cntr game */ = {
			isa = PBXNativeTarget;
			buildConfigurationList = E98943372437B78A0015C957 /* Build configuration list for PBXNativeTarget "Cntr game" */;
			buildPhases = (
				E989431F2437B78A0015C957 /* Sources */,
				E98943202437B78A0015C957 /* Frameworks */,
				E98943212437B78A0015C957 /* Resources */,
			);
			buildRules = (
			);
			dependencies = (
			);
			name = "Cntr game";
			productName = "Cntr game";
			productReference = E98943232437B78A0015C957 /* Cntr game.app */;
			productType = "com.apple.product-type.application";
		};
/* End PBXNativeTarget section */

/* Begin PBXProject section */
		E989431B2437B78A0015C957 /* Project object */ = {
			isa = PBXProject;
			attributes = {
				LastSwiftUpdateCheck = 1130;
				LastUpgradeCheck = 1320;
				ORGANIZATIONNAME = Sergey;
				TargetAttributes = {
					E98943222437B78A0015C957 = {
						CreatedOnToolsVersion = 11.3.1;
					};
				};
			};
			buildConfigurationList = E989431E2437B78A0015C957 /* Build configuration list for PBXProject "Cntr game" */;
			compatibilityVersion = "Xcode 13.0";
			developmentRegion = en;
			hasScannedForEncodings = 0;
			knownRegions = (
				en,
				Base,
			);
			mainGroup = E989431A2437B78A0015C957;
			productRefGroup = E98943242437B78A0015C957 /* Products */;
			projectDirPath = "";
			projectRoot = "";
			targets = (
				E98943222437B78A0015C957 /* Cntr game */,
			);
		};
/* End PBXProject section */

/* Begin PBXResourcesBuildPhase section */
		E98943212437B78A0015C957 /* Resources */ = {
			isa = PBXResourcesBuildPhase;
			buildActionMask = 2147483647;
			files = (
				E98943332437B78A0015C957 /* LaunchScreen.storyboard in Resources */,
				E98943302437B78A0015C957 /* Assets.xcassets in Resources */,
				E989432E2437B78A0015C957 /* Main.storyboard in Resources */,
			);
			runOnlyForDeploymentPostprocessing = 0;
		};
/* End PBXResourcesBuildPhase section */

/* Begin PBXSourcesBuildPhase section */
		E989431F2437B78A0015C957 /* Sources */ = {
			isa = PBXSourcesBuildPhase;
			buildActionMask = 2147483647;
			files = (
				E989432B2437B78A0015C957 /* ConcentrationViewController.swift in Sources */,
				E97893762438B21D00AF796A /* Concentration.swift in Sources */,
				E97893782438B33100AF796A /* Card.swift in Sources */,
				E98943272437B78A0015C957 /* AppDelegate.swift in Sources */,
				E981C82E244DDE3E00C7C286 /* ConcentrationThemeChooserViewController.swift in Sources */,
				E98943292437B78A0015C957 /* SceneDelegate.swift in Sources */,
			);
			runOnlyForDeploymentPostprocessing = 0;
		};
/* End PBXSourcesBuildPhase section */

/* Begin PBXVariantGroup section */
		E989432C2437B78A0015C957 /* Main.storyboard */ = {
			isa = PBXVariantGroup;
			children = (
				E989432D2437B78A0015C957 /* Base */,
			);
			name = Main.storyboard;
			sourceTree = "<group>";
		};
		E98943312437B78A0015C957 /* LaunchScreen.storyboard */ = {
			isa = PBXVariantGroup;
			children = (
				E98943322437B78A0015C957 /* Base */,
			);
			name = LaunchScreen.storyboard;
			sourceTree = "<group>";
		};
/* End PBXVariantGroup section */

/* Begin XCBuildConfiguration section */
		E98943352437B78A0015C957 /* Debug */ = {
			isa = XCBuildConfiguration;
			buildSettings = {
				ALWAYS_SEARCH_USER_PATHS = NO;
				CLANG_ANALYZER_NONNULL = YES;
				CLANG_ANALYZER_NUMBER_OBJECT_CONVERSION = YES_AGGRESSIVE;
				CLANG_CXX_LANGUAGE_STANDARD = "gnu++14";
				CLANG_CXX_LIBRARY = "libc++";
				CLANG_ENABLE_MODULES = YES;
				CLANG_ENABLE_OBJC_ARC = YES;
				CLANG_ENABLE_OBJC_WEAK = YES;
				CLANG_WARN_BLOCK_CAPTURE_AUTORELEASING = YES;
				CLANG_WARN_BOOL_CONVERSION = YES;
				CLANG_WARN_COMMA = YES;
				CLANG_WARN_CONSTANT_CONVERSION = YES;
				CLANG_WARN_DEPRECATED_OBJC_IMPLEMENTATIONS = YES;
				CLANG_WARN_DIRECT_OBJC_ISA_USAGE = YES_ERROR;
				CLANG_WARN_DOCUMENTATION_COMMENTS = YES;
				CLANG_WARN_EMPTY_BODY = YES;
				CLANG_WARN_ENUM_CONVERSION = YES;
				CLANG_WARN_INFINITE_RECURSION = YES;
				CLANG_WARN_INT_CONVERSION = YES;
				CLANG_WARN_NON_LITERAL_NULL_CONVERSION = YES;
				CLANG_WARN_OBJC_IMPLICIT_RETAIN_SELF = YES;
				CLANG_WARN_OBJC_LITERAL_CONVERSION = YES;
				CLANG_WARN_OBJC_ROOT_CLASS = YES_ERROR;
				CLANG_WARN_QUOTED_INCLUDE_IN_FRAMEWORK_HEADER = YES;
				CLANG_WARN_RANGE_LOOP_ANALYSIS = YES;
				CLANG_WARN_STRICT_PROTOTYPES = YES;
				CLANG_WARN_SUSPICIOUS_MOVE = YES;
				CLANG_WARN_UNGUARDED_AVAILABILITY = YES_AGGRESSIVE;
				CLANG_WARN_UNREACHABLE_CODE = YES;
				CLANG_WARN__DUPLICATE_METHOD_MATCH = YES;
				COPY_PHASE_STRIP = NO;
				DEBUG_INFORMATION_FORMAT = dwarf;
				ENABLE_STRICT_OBJC_MSGSEND = YES;
				ENABLE_TESTABILITY = YES;
				GCC_C_LANGUAGE_STANDARD = gnu11;
				GCC_DYNAMIC_NO_PIC = NO;
				GCC_NO_COMMON_BLOCKS = YES;
				GCC_OPTIMIZATION_LEVEL = 0;
				GCC_PREPROCESSOR_DEFINITIONS = (
					"DEBUG=1",
					"$(inherited)",
				);
				GCC_WARN_64_TO_32_BIT_CONVERSION = YES;
				GCC_WARN_ABOUT_RETURN_TYPE = YES_ERROR;
				GCC_WARN_UNDECLARED_SELECTOR = YES;
				GCC_WARN_UNINITIALIZED_AUTOS = YES_AGGRESSIVE;
				GCC_WARN_UNUSED_FUNCTION = YES;
				GCC_WARN_UNUSED_VARIABLE = YES;
				IPHONEOS_DEPLOYMENT_TARGET = 15.2;
				MTL_ENABLE_DEBUG_INFO = INCLUDE_SOURCE;
				MTL_FAST_MATH = YES;
				ONLY_ACTIVE_ARCH = YES;
				SDKROOT = iphoneos;
				SWIFT_ACTIVE_COMPILATION_CONDITIONS = DEBUG;
				SWIFT_OPTIMIZATION_LEVEL = "-Onone";
			};
			name = Debug;
		};
		E98943362437B78A0015C957 /* Release */ = {
			isa = XCBuildConfiguration;
			buildSettings = {
				ALWAYS_SEARCH_USER_PATHS = NO;
				CLANG_ANALYZER_NONNULL = YES;
				CLANG_ANALYZER_NUMBER_OBJECT_CONVERSION = YES_AGGRESSIVE;
				CLANG_CXX_LANGUAGE_STANDARD = "gnu++14";
				CLANG_CXX_LIBRARY = "libc++";
				CLANG_ENABLE_MODULES = YES;
				CLANG_ENABLE_OBJC_ARC = YES;
				CLANG_ENABLE_OBJC_WEAK = YES;
				CLANG_WARN_BLOCK_CAPTURE_AUTORELEASING = YES;
				CLANG_WARN_BOOL_CONVERSION = YES;
				CLANG_WARN_COMMA = YES;
				CLANG_WARN_CONSTANT_CONVERSION = YES;
				CLANG_WARN_DEPRECATED_OBJC_IMPLEMENTATIONS = YES;
				CLANG_WARN_DIRECT_OBJC_ISA_USAGE = YES_ERROR;
				CLANG_WARN_DOCUMENTATION_COMMENTS = YES;
				CLANG_WARN_EMPTY_BODY = YES;
				CLANG_WARN_ENUM_CONVERSION = YES;
				CLANG_WARN_INFINITE_RECURSION = YES;
				CLANG_WARN_INT_CONVERSION = YES;
				CLANG_WARN_NON_LITERAL_NULL_CONVERSION = YES;
				CLANG_WARN_OBJC_IMPLICIT_RETAIN_SELF = YES;
				CLANG_WARN_OBJC_LITERAL_CONVERSION = YES;
				CLANG_WARN_OBJC_ROOT_CLASS = YES_ERROR;
				CLANG_WARN_QUOTED_INCLUDE_IN_FRAMEWORK_HEADER = YES;
				CLANG_WARN_RANGE_LOOP_ANALYSIS = YES;
				CLANG_WARN_STRICT_PROTOTYPES = YES;
				CLANG_WARN_SUSPICIOUS_MOVE = YES;
				CLANG_WARN_UNGUARDED_AVAILABILITY = YES_AGGRESSIVE;
				CLANG_WARN_UNREACHABLE_CODE = YES;
				CLANG_WARN__DUPLICATE_METHOD_MATCH = YES;
				COPY_PHASE_STRIP = NO;
				DEBUG_INFORMATION_FORMAT = "dwarf-with-dsym";
				ENABLE_NS_ASSERTIONS = NO;
				ENABLE_STRICT_OBJC_MSGSEND = YES;
				GCC_C_LANGUAGE_STANDARD = gnu11;
				GCC_NO_COMMON_BLOCKS = YES;
				GCC_WARN_64_TO_32_BIT_CONVERSION = YES;
				GCC_WARN_ABOUT_RETURN_TYPE = YES_ERROR;
				GCC_WARN_UNDECLARED_SELECTOR = YES;
				GCC_WARN_UNINITIALIZED_AUTOS = YES_AGGRESSIVE;
				GCC_WARN_UNUSED_FUNCTION = YES;
				GCC_WARN_UNUSED_VARIABLE = YES;
				IPHONEOS_DEPLOYMENT_TARGET = 15.2;
				MTL_ENABLE_DEBUG_INFO = NO;
				MTL_FAST_MATH = YES;
				SDKROOT = iphoneos;
				SWIFT_COMPILATION_MODE = wholemodule;
				SWIFT_OPTIMIZATION_LEVEL = "-O";
				VALIDATE_PRODUCT = YES;
			};
			name = Release;
		};
		E98943382437B78A0015C957 /* Debug */ = {
			isa = XCBuildConfiguration;
			buildSettings = {
				ASSETCATALOG_COMPILER_APPICON_NAME = AppIcon;
				CODE_SIGN_STYLE = Automatic;
				DEVELOPMENT_TEAM = 88YJ9659DP;
				INFOPLIST_FILE = "Cntr game/Info.plist";
				LD_RUNPATH_SEARCH_PATHS = (
					"$(inherited)",
					"@executable_path/Frameworks",
				);
				PRODUCT_BUNDLE_IDENTIFIER = CntrGame;
				PRODUCT_NAME = "$(TARGET_NAME)";
				SWIFT_VERSION = 5.0;
				TARGETED_DEVICE_FAMILY = "1,2";
			};
			name = Debug;
		};
		E98943392437B78A0015C957 /* Release */ = {
			isa = XCBuildConfiguration;
			buildSettings = {
				ASSETCATALOG_COMPILER_APPICON_NAME = AppIcon;
				CODE_SIGN_STYLE = Automatic;
				DEVELOPMENT_TEAM = 88YJ9659DP;
				INFOPLIST_FILE = "Cntr game/Info.plist";
				LD_RUNPATH_SEARCH_PATHS = (
					"$(inherited)",
					"@executable_path/Frameworks",
				);
				PRODUCT_BUNDLE_IDENTIFIER = CntrGame;
				PRODUCT_NAME = "$(TARGET_NAME)";
				SWIFT_VERSION = 5.0;
				TARGETED_DEVICE_FAMILY = "1,2";
			};
			name = Release;
		};
/* End XCBuildConfiguration section */

/* Begin XCConfigurationList section */
		E989431E2437B78A0015C957 /* Build configuration list for PBXProject "Cntr game" */ = {
			isa = XCConfigurationList;
			buildConfigurations = (
				E98943352437B78A0015C957 /* Debug */,
				E98943362437B78A0015C957 /* Release */,
			);
			defaultConfigurationIsVisible = 0;
			defaultConfigurationName = Release;
		};
		E98943372437B78A0015C957 /* Build configuration list for PBXNativeTarget "Cntr game" */ = {
			isa = XCConfigurationList;
			buildConfigurations = (
				E98943382437B78A0015C957 /* Debug */,
				E98943392437B78A0015C957 /* Release */,
			);
			defaultConfigurationIsVisible = 0;
			defaultConfigurationName = Release;
		};
/* End XCConfigurationList section */
	};
	rootObject = E989431B2437B78A0015C957 /* Project object */;
}
